// !$*UTF8*$!
{
	archiveVersion = 1;
	classes = {
	};
	objectVersion = 56;
	objects = {

/* Begin PBXBuildFile section */
		E4A0A9D32A229F8F00F35298 /* main.cpp in Sources */ = {isa = PBXBuildFile; fileRef = E4A0A9D22A229F8F00F35298 /* main.cpp */; };
		E4A0A9E02A23254200F35298 /* main.cpp in Sources */ = {isa = PBXBuildFile; fileRef = E4A0A9DF2A23254200F35298 /* main.cpp */; };
/* End PBXBuildFile section */

/* Begin PBXCopyFilesBuildPhase section */
		E4A0A9CD2A229F8F00F35298 /* CopyFiles */ = {
			isa = PBXCopyFilesBuildPhase;
			buildActionMask = 2147483647;
			dstPath = /usr/share/man/man1/;
			dstSubfolderSpec = 0;
			files = (
			);
			runOnlyForDeploymentPostprocessing = 1;
		};
		E4A0A9DB2A23254200F35298 /* CopyFiles */ = {
			isa = PBXCopyFilesBuildPhase;
			buildActionMask = 2147483647;
			dstPath = /usr/share/man/man1/;
			dstSubfolderSpec = 0;
			files = (
			);
			runOnlyForDeploymentPostprocessing = 1;
		};
/* End PBXCopyFilesBuildPhase section */

/* Begin PBXFileReference section */
		E4A0A9CF2A229F8F00F35298 /* C++ STL */ = {isa = PBXFileReference; explicitFileType = "compiled.mach-o.executable"; includeInIndex = 0; path = "C++ STL"; sourceTree = BUILT_PRODUCTS_DIR; };
		E4A0A9D22A229F8F00F35298 /* main.cpp */ = {isa = PBXFileReference; lastKnownFileType = sourcecode.cpp.cpp; path = main.cpp; sourceTree = "<group>"; };
		E4A0A9DD2A23254200F35298 /* validParethesis */ = {isa = PBXFileReference; explicitFileType = "compiled.mach-o.executable"; includeInIndex = 0; path = validParethesis; sourceTree = BUILT_PRODUCTS_DIR; };
		E4A0A9DF2A23254200F35298 /* main.cpp */ = {isa = PBXFileReference; lastKnownFileType = sourcecode.cpp.cpp; path = main.cpp; sourceTree = "<group>"; };
/* End PBXFileReference section */

/* Begin PBXFrameworksBuildPhase section */
		E4A0A9CC2A229F8F00F35298 /* Frameworks */ = {
			isa = PBXFrameworksBuildPhase;
			buildActionMask = 2147483647;
			files = (
			);
			runOnlyForDeploymentPostprocessing = 0;
		};
		E4A0A9DA2A23254200F35298 /* Frameworks */ = {
			isa = PBXFrameworksBuildPhase;
			buildActionMask = 2147483647;
			files = (
			);
			runOnlyForDeploymentPostprocessing = 0;
		};
/* End PBXFrameworksBuildPhase section */

/* Begin PBXGroup section */
		E4A0A9C62A229F8F00F35298 = {
			isa = PBXGroup;
			children = (
				E4A0A9D12A229F8F00F35298 /* C++ STL */,
				E4A0A9DE2A23254200F35298 /* validParethesis */,
				E4A0A9D02A229F8F00F35298 /* Products */,
			);
			sourceTree = "<group>";
		};
		E4A0A9D02A229F8F00F35298 /* Products */ = {
			isa = PBXGroup;
			children = (
				E4A0A9CF2A229F8F00F35298 /* C++ STL */,
				E4A0A9DD2A23254200F35298 /* validParethesis */,
			);
			name = Products;
			sourceTree = "<group>";
		};
		E4A0A9D12A229F8F00F35298 /* C++ STL */ = {
			isa = PBXGroup;
			children = (
				E4A0A9D22A229F8F00F35298 /* main.cpp */,
			);
			path = "C++ STL";
			sourceTree = "<group>";
		};
		E4A0A9DE2A23254200F35298 /* validParethesis */ = {
			isa = PBXGroup;
			children = (
				E4A0A9DF2A23254200F35298 /* main.cpp */,
			);
			path = validParethesis;
			sourceTree = "<group>";
		};
/* End PBXGroup section */

/* Begin PBXNativeTarget section */
		E4A0A9CE2A229F8F00F35298 /* C++ STL */ = {
			isa = PBXNativeTarget;
			buildConfigurationList = E4A0A9D62A229F8F00F35298 /* Build configuration list for PBXNativeTarget "C++ STL" */;
			buildPhases = (
				E4A0A9CB2A229F8F00F35298 /* Sources */,
				E4A0A9CC2A229F8F00F35298 /* Frameworks */,
				E4A0A9CD2A229F8F00F35298 /* CopyFiles */,
			);
			buildRules = (
			);
			dependencies = (
			);
			name = "C++ STL";
			productName = "C++ STL";
			productReference = E4A0A9CF2A229F8F00F35298 /* C++ STL */;
			productType = "com.apple.product-type.tool";
		};
		E4A0A9DC2A23254200F35298 /* validParethesis */ = {
			isa = PBXNativeTarget;
			buildConfigurationList = E4A0A9E32A23254200F35298 /* Build configuration list for PBXNativeTarget "validParethesis" */;
			buildPhases = (
				E4A0A9D92A23254200F35298 /* Sources */,
				E4A0A9DA2A23254200F35298 /* Frameworks */,
				E4A0A9DB2A23254200F35298 /* CopyFiles */,
			);
			buildRules = (
			);
			dependencies = (
			);
			name = validParethesis;
			productName = validParethesis;
			productReference = E4A0A9DD2A23254200F35298 /* validParethesis */;
			productType = "com.apple.product-type.tool";
		};
/* End PBXNativeTarget section */

/* Begin PBXProject section */
		E4A0A9C72A229F8F00F35298 /* Project object */ = {
			isa = PBXProject;
			attributes = {
				BuildIndependentTargetsInParallel = 1;
				LastUpgradeCheck = 1430;
				TargetAttributes = {
					E4A0A9CE2A229F8F00F35298 = {
						CreatedOnToolsVersion = 14.3;
					};
					E4A0A9DC2A23254200F35298 = {
						CreatedOnToolsVersion = 14.3;
					};
				};
			};
			buildConfigurationList = E4A0A9CA2A229F8F00F35298 /* Build configuration list for PBXProject "C++ STL" */;
			compatibilityVersion = "Xcode 14.0";
			developmentRegion = en;
			hasScannedForEncodings = 0;
			knownRegions = (
				en,
				Base,
			);
			mainGroup = E4A0A9C62A229F8F00F35298;
			productRefGroup = E4A0A9D02A229F8F00F35298 /* Products */;
			projectDirPath = "";
			projectRoot = "";
			targets = (
				E4A0A9CE2A229F8F00F35298 /* C++ STL */,
				E4A0A9DC2A23254200F35298 /* validParethesis */,
			);
		};
/* End PBXProject section */

/* Begin PBXSourcesBuildPhase section */
		E4A0A9CB2A229F8F00F35298 /* Sources */ = {
			isa = PBXSourcesBuildPhase;
			buildActionMask = 2147483647;
			files = (
				E4A0A9D32A229F8F00F35298 /* main.cpp in Sources */,
			);
			runOnlyForDeploymentPostprocessing = 0;
		};
		E4A0A9D92A23254200F35298 /* Sources */ = {
			isa = PBXSourcesBuildPhase;
			buildActionMask = 2147483647;
			files = (
				E4A0A9E02A23254200F35298 /* main.cpp in Sources */,
			);
			runOnlyForDeploymentPostprocessing = 0;
		};
/* End PBXSourcesBuildPhase section */

/* Begin XCBuildConfiguration section */
		E4A0A9D42A229F8F00F35298 /* Debug */ = {
			isa = XCBuildConfiguration;
			buildSettings = {
				ALWAYS_SEARCH_USER_PATHS = NO;
				CLANG_ANALYZER_NONNULL = YES;
				CLANG_ANALYZER_NUMBER_OBJECT_CONVERSION = YES_AGGRESSIVE;
				CLANG_CXX_LANGUAGE_STANDARD = "gnu++20";
				CLANG_ENABLE_MODULES = YES;
				CLANG_ENABLE_OBJC_ARC = YES;
				CLANG_ENABLE_OBJC_WEAK = YES;
				CLANG_WARN_BLOCK_CAPTURE_AUTORELEASING = YES;
				CLANG_WARN_BOOL_CONVERSION = YES;
				CLANG_WARN_COMMA = YES;
				CLANG_WARN_CONSTANT_CONVERSION = YES;
				CLANG_WARN_DEPRECATED_OBJC_IMPLEMENTATIONS = YES;
				CLANG_WARN_DIRECT_OBJC_ISA_USAGE = YES_ERROR;
				CLANG_WARN_DOCUMENTATION_COMMENTS = YES;
				CLANG_WARN_EMPTY_BODY = YES;
				CLANG_WARN_ENUM_CONVERSION = YES;
				CLANG_WARN_INFINITE_RECURSION = YES;
				CLANG_WARN_INT_CONVERSION = YES;
				CLANG_WARN_NON_LITERAL_NULL_CONVERSION = YES;
				CLANG_WARN_OBJC_IMPLICIT_RETAIN_SELF = YES;
				CLANG_WARN_OBJC_LITERAL_CONVERSION = YES;
				CLANG_WARN_OBJC_ROOT_CLASS = YES_ERROR;
				CLANG_WARN_QUOTED_INCLUDE_IN_FRAMEWORK_HEADER = YES;
				CLANG_WARN_RANGE_LOOP_ANALYSIS = YES;
				CLANG_WARN_STRICT_PROTOTYPES = YES;
				CLANG_WARN_SUSPICIOUS_MOVE = YES;
				CLANG_WARN_UNGUARDED_AVAILABILITY = YES_AGGRESSIVE;
				CLANG_WARN_UNREACHABLE_CODE = YES;
				CLANG_WARN__DUPLICATE_METHOD_MATCH = YES;
				COPY_PHASE_STRIP = NO;
				DEBUG_INFORMATION_FORMAT = dwarf;
				ENABLE_STRICT_OBJC_MSGSEND = YES;
				ENABLE_TESTABILITY = YES;
				GCC_C_LANGUAGE_STANDARD = gnu11;
				GCC_DYNAMIC_NO_PIC = NO;
				GCC_NO_COMMON_BLOCKS = YES;
				GCC_OPTIMIZATION_LEVEL = 0;
				GCC_PREPROCESSOR_DEFINITIONS = (
					"DEBUG=1",
					"$(inherited)",
				);
				GCC_WARN_64_TO_32_BIT_CONVERSION = YES;
				GCC_WARN_ABOUT_RETURN_TYPE = YES_ERROR;
				GCC_WARN_UNDECLARED_SELECTOR = YES;
				GCC_WARN_UNINITIALIZED_AUTOS = YES_AGGRESSIVE;
				GCC_WARN_UNUSED_FUNCTION = YES;
				GCC_WARN_UNUSED_VARIABLE = YES;
				MACOSX_DEPLOYMENT_TARGET = 13.3;
				MTL_ENABLE_DEBUG_INFO = INCLUDE_SOURCE;
				MTL_FAST_MATH = YES;
				ONLY_ACTIVE_ARCH = YES;
				SDKROOT = macosx;
			};
			name = Debug;
		};
		E4A0A9D52A229F8F00F35298 /* Release */ = {
			isa = XCBuildConfiguration;
			buildSettings = {
				ALWAYS_SEARCH_USER_PATHS = NO;
				CLANG_ANALYZER_NONNULL = YES;
				CLANG_ANALYZER_NUMBER_OBJECT_CONVERSION = YES_AGGRESSIVE;
				CLANG_CXX_LANGUAGE_STANDARD = "gnu++20";
				CLANG_ENABLE_MODULES = YES;
				CLANG_ENABLE_OBJC_ARC = YES;
				CLANG_ENABLE_OBJC_WEAK = YES;
				CLANG_WARN_BLOCK_CAPTURE_AUTORELEASING = YES;
				CLANG_WARN_BOOL_CONVERSION = YES;
				CLANG_WARN_COMMA = YES;
				CLANG_WARN_CONSTANT_CONVERSION = YES;
				CLANG_WARN_DEPRECATED_OBJC_IMPLEMENTATIONS = YES;
				CLANG_WARN_DIRECT_OBJC_ISA_USAGE = YES_ERROR;
				CLANG_WARN_DOCUMENTATION_COMMENTS = YES;
				CLANG_WARN_EMPTY_BODY = YES;
				CLANG_WARN_ENUM_CONVERSION = YES;
				CLANG_WARN_INFINITE_RECURSION = YES;
				CLANG_WARN_INT_CONVERSION = YES;
				CLANG_WARN_NON_LITERAL_NULL_CONVERSION = YES;
				CLANG_WARN_OBJC_IMPLICIT_RETAIN_SELF = YES;
				CLANG_WARN_OBJC_LITERAL_CONVERSION = YES;
				CLANG_WARN_OBJC_ROOT_CLASS = YES_ERROR;
				CLANG_WARN_QUOTED_INCLUDE_IN_FRAMEWORK_HEADER = YES;
				CLANG_WARN_RANGE_LOOP_ANALYSIS = YES;
				CLANG_WARN_STRICT_PROTOTYPES = YES;
				CLANG_WARN_SUSPICIOUS_MOVE = YES;
				CLANG_WARN_UNGUARDED_AVAILABILITY = YES_AGGRESSIVE;
				CLANG_WARN_UNREACHABLE_CODE = YES;
				CLANG_WARN__DUPLICATE_METHOD_MATCH = YES;
				COPY_PHASE_STRIP = NO;
				DEBUG_INFORMATION_FORMAT = "dwarf-with-dsym";
				ENABLE_NS_ASSERTIONS = NO;
				ENABLE_STRICT_OBJC_MSGSEND = YES;
				GCC_C_LANGUAGE_STANDARD = gnu11;
				GCC_NO_COMMON_BLOCKS = YES;
				GCC_WARN_64_TO_32_BIT_CONVERSION = YES;
				GCC_WARN_ABOUT_RETURN_TYPE = YES_ERROR;
				GCC_WARN_UNDECLARED_SELECTOR = YES;
				GCC_WARN_UNINITIALIZED_AUTOS = YES_AGGRESSIVE;
				GCC_WARN_UNUSED_FUNCTION = YES;
				GCC_WARN_UNUSED_VARIABLE = YES;
				MACOSX_DEPLOYMENT_TARGET = 13.3;
				MTL_ENABLE_DEBUG_INFO = NO;
				MTL_FAST_MATH = YES;
				SDKROOT = macosx;
			};
			name = Release;
		};
		E4A0A9D72A229F8F00F35298 /* Debug */ = {
			isa = XCBuildConfiguration;
			buildSettings = {
				CODE_SIGN_STYLE = Automatic;
				PRODUCT_NAME = "$(TARGET_NAME)";
			};
			name = Debug;
		};
		E4A0A9D82A229F8F00F35298 /* Release */ = {
			isa = XCBuildConfiguration;
			buildSettings = {
				CODE_SIGN_STYLE = Automatic;
				PRODUCT_NAME = "$(TARGET_NAME)";
			};
			name = Release;
		};
		E4A0A9E12A23254200F35298 /* Debug */ = {
			isa = XCBuildConfiguration;
			buildSettings = {
				CODE_SIGN_STYLE = Automatic;
				PRODUCT_NAME = "$(TARGET_NAME)";
			};
			name = Debug;
		};
		E4A0A9E22A23254200F35298 /* Release */ = {
			isa = XCBuildConfiguration;
			buildSettings = {
				CODE_SIGN_STYLE = Automatic;
				PRODUCT_NAME = "$(TARGET_NAME)";
			};
			name = Release;
		};
/* End XCBuildConfiguration section */

/* Begin XCConfigurationList section */
		E4A0A9CA2A229F8F00F35298 /* Build configuration list for PBXProject "C++ STL" */ = {
			isa = XCConfigurationList;
			buildConfigurations = (
				E4A0A9D42A229F8F00F35298 /* Debug */,
				E4A0A9D52A229F8F00F35298 /* Release */,
			);
			defaultConfigurationIsVisible = 0;
			defaultConfigurationName = Release;
		};
		E4A0A9D62A229F8F00F35298 /* Build configuration list for PBXNativeTarget "C++ STL" */ = {
			isa = XCConfigurationList;
			buildConfigurations = (
				E4A0A9D72A229F8F00F35298 /* Debug */,
				E4A0A9D82A229F8F00F35298 /* Release */,
			);
			defaultConfigurationIsVisible = 0;
			defaultConfigurationName = Release;
		};
		E4A0A9E32A23254200F35298 /* Build configuration list for PBXNativeTarget "validParethesis" */ = {
			isa = XCConfigurationList;
			buildConfigurations = (
				E4A0A9E12A23254200F35298 /* Debug */,
				E4A0A9E22A23254200F35298 /* Release */,
			);
			defaultConfigurationIsVisible = 0;
			defaultConfigurationName = Release;
		};
/* End XCConfigurationList section */
	};
	rootObject = E4A0A9C72A229F8F00F35298 /* Project object */;
}
